
Microsoft Visual Studio Solution File, Format Version 12.00
# Visual Studio Version 17
VisualStudioVersion = 17.11.35303.130
MinimumVisualStudioVersion = 10.0.40219.1
Project("{9A19103F-16F7-4668-BE54-9A1E7A4F7556}") = "TestSaveFolder", "TestSaveFolder\TestSaveFolder.csproj", "{16F2DE3F-6C72-469A-8E1B-0A6E92F87103}"
EndProject
Project("{9A19103F-16F7-4668-BE54-9A1E7A4F7556}") = "NonUpgradableCardFilter", "NonUpgradableCardFilter\NonUpgradableCardFilter.csproj", "{EC281EF1-03E2-4B79-A9A4-67253959A890}"
EndProject
Global
	GlobalSection(SolutionConfigurationPlatforms) = preSolution
		Debug|Any CPU = Debug|Any CPU
		Release|Any CPU = Release|Any CPU
	EndGlobalSection
	GlobalSection(ProjectConfigurationPlatforms) = postSolution
		{16F2DE3F-6C72-469A-8E1B-0A6E92F87103}.Debug|Any CPU.ActiveCfg = Debug|Any CPU
		{16F2DE3F-6C72-469A-8E1B-0A6E92F87103}.Debug|Any CPU.Build.0 = Debug|Any CPU
		{16F2DE3F-6C72-469A-8E1B-0A6E92F87103}.Release|Any CPU.ActiveCfg = Release|Any CPU
		{16F2DE3F-6C72-469A-8E1B-0A6E92F87103}.Release|Any CPU.Build.0 = Release|Any CPU
		{EC281EF1-03E2-4B79-A9A4-67253959A890}.Debug|Any CPU.ActiveCfg = Debug|Any CPU
		{EC281EF1-03E2-4B79-A9A4-67253959A890}.Debug|Any CPU.Build.0 = Debug|Any CPU
		{EC281EF1-03E2-4B79-A9A4-67253959A890}.Release|Any CPU.ActiveCfg = Release|Any CPU
		{EC281EF1-03E2-4B79-A9A4-67253959A890}.Release|Any CPU.Build.0 = Release|Any CPU
	EndGlobalSection
	GlobalSection(SolutionProperties) = preSolution
		HideSolutionNode = FALSE
	EndGlobalSection
	GlobalSection(ExtensibilityGlobals) = postSolution
		SolutionGuid = {05C718D9-3AC9-4DCA-A9C7-7C5C679DB398}
	EndGlobalSection
EndGlobal
